<?xml version="1.0" encoding="utf-8"?>
<Project ToolsVersion="4.0" xmlns="http://schemas.microsoft.com/developer/msbuild/2003">
  <ItemGroup>
    <Filter Include="Quelldateien">
      <UniqueIdentifier>{4FC737F1-C7A5-4376-A066-2A32D752A2FF}</UniqueIdentifier>
      <Extensions>cpp;c;cc;cxx;def;odl;idl;hpj;bat;asm;asmx</Extensions>
    </Filter>
    <Filter Include="Headerdateien">
      <UniqueIdentifier>{93995380-89BD-4b04-88EB-625FBE52EBFB}</UniqueIdentifier>
      <Extensions>h;hh;hpp;hxx;hm;inl;inc;xsd</Extensions>
    </Filter>
    <Filter Include="Ressourcendateien">
      <UniqueIdentifier>{67DA6AB6-F800-4c08-8B7A-83BB121AAD01}</UniqueIdentifier>
      <Extensions>rc;ico;cur;bmp;dlg;rc2;rct;bin;rgs;gif;jpg;jpeg;jpe;resx;tiff;tif;png;wav;mfcribbon-ms</Extensions>
    </Filter>
    <Filter Include="Help">
      <UniqueIdentifier>{ddd57c66-983c-409c-9457-a25752fcf641}</UniqueIdentifier>
    </Filter>
  </ItemGroup>
  <ItemGroup>
    <Text Include="ReadMe.txt" />
    <Text Include="Help\tags-readme.txt">
      <Filter>Help</Filter>
    </Text>
    <Text Include="Help\bass_wadsp.txt">
      <Filter>Help</Filter>
    </Text>
    <Text Include="Help\BASS_VST.TXT">
      <Filter>Help</Filter>
    </Text>
    <Text Include="Help\BASS_TTA.txt">
      <Filter>Help</Filter>
    </Text>
    <Text Include="Help\BASS_SPX.txt">
      <Filter>Help</Filter>
    </Text>
    <Text Include="Help\BASS_OFR.txt">
      <Filter>Help</Filter>
    </Text>
    <Text Include="Help\BASS_MPC.txt">
      <Filter>Help</Filter>
    </Text>
    <Text Include="Help\BASS_APE.txt">
      <Filter>Help</Filter>
    </Text>
    <Text Include="Help\bass_adx.txt">
      <Filter>Help</Filter>
    </Text>
    <Text Include="Help\BASS_AC3.txt">
      <Filter>Help</Filter>
    </Text>
    <Text Include="Help\BASS_AAC.txt">
      <Filter>Help</Filter>
    </Text>
    <Text Include="Help\basszxtune.txt">
      <Filter>Help</Filter>
    </Text>
    <Text Include="Help\BassWinamp.txt">
      <Filter>Help</Filter>
    </Text>
  </ItemGroup>
  <ItemGroup>
    <ClInclude Include="stdafx.h">
      <Filter>Headerdateien</Filter>
    </ClInclude>
    <ClInclude Include="targetver.h">
      <Filter>Headerdateien</Filter>
    </ClInclude>
  </ItemGroup>
  <ItemGroup>
    <ClCompile Include="stdafx.cpp">
      <Filter>Quelldateien</Filter>
    </ClCompile>
    <ClCompile Include="TextAdventure.cpp">
      <Filter>Quelldateien</Filter>
    </ClCompile>
  </ItemGroup>
  <ItemGroup>
    <None Include="Help\bassasio.chm">
      <Filter>Help</Filter>
    </None>
    <None Include="Help\bass_fx.chm">
      <Filter>Help</Filter>
    </None>
    <None Include="Help\basswv.chm">
      <Filter>Help</Filter>
    </None>
    <None Include="Help\basswma.chm">
      <Filter>Help</Filter>
    </None>
    <None Include="Help\basswasapi.chm">
      <Filter>Help</Filter>
    </None>
    <None Include="Help\bassopus.chm">
      <Filter>Help</Filter>
    </None>
    <None Include="Help\bassmix.chm">
      <Filter>Help</Filter>
    </None>
    <None Include="Help\bassmidi.chm">
      <Filter>Help</Filter>
    </None>
    <None Include="Help\basshls.chm">
      <Filter>Help</Filter>
    </None>
    <None Include="Help\bassflac.chm">
      <Filter>Help</Filter>
    </None>
    <None Include="Help\bassenc_opus.chm">
      <Filter>Help</Filter>
    </None>
    <None Include="Help\bassenc_ogg.chm">
      <Filter>Help</Filter>
    </None>
    <None Include="Help\bassenc.chm">
      <Filter>Help</Filter>
    </None>
    <None Include="Help\bassdsd.chm">
      <Filter>Help</Filter>
    </None>
    <None Include="Help\basscd.chm">
      <Filter>Help</Filter>
    </None>
    <None Include="Help\bassalac.chm">
      <Filter>Help</Filter>
    </None>
    <None Include="Help\bass.chm">
      <Filter>Help</Filter>
    </None>
    <None Include="@(NativeLibs)" />
    <None Include="@(NativeLibs)" />
    <None Include="@(NativeLibs)" />
    <None Include="@(NativeLibs)" />
    <None Include="@(NativeLibs)" />
    <None Include="@(NativeLibs)" />
    <None Include="@(NativeLibs)" />
    <None Include="@(NativeLibs)" />
    <None Include="@(NativeLibs)" />
    <None Include="@(NativeLibs)" />
    <None Include="@(NativeLibs)" />
    <None Include="@(NativeLibs)" />
    <None Include="@(NativeLibs)" />
    <None Include="@(NativeLibs)" />
    <None Include="@(NativeLibs)" />
    <None Include="@(NativeLibs)" />
    <None Include="@(NativeLibs)" />
    <None Include="@(NativeLibs)" />
    <None Include="@(NativeLibs)" />
    <None Include="@(NativeLibs)" />
    <None Include="@(NativeLibs)" />
    <None Include="@(NativeLibs)" />
    <None Include="@(NativeLibs)" />
    <None Include="@(NativeLibs)" />
    <None Include="@(NativeLibs)" />
    <None Include="@(NativeLibs)" />
    <None Include="@(NativeLibs)" />
    <None Include="@(NativeLibs)" />
    <None Include="@(NativeLibs)" />
    <None Include="@(NativeLibs)" />
    <None Include="@(NativeLibs)" />
    <None Include="@(NativeLibs)" />
    <None Include="@(NativeLibs)" />
    <None Include="@(NativeLibs)" />
    <None Include="@(NativeLibs)" />
    <None Include="@(NativeLibs)" />
    <None Include="@(NativeLibs)" />
    <None Include="@(NativeLibs)" />
    <None Include="@(NativeLibs)" />
    <None Include="@(NativeLibs)" />
    <None Include="@(NativeLibs)" />
    <None Include="@(NativeLibs)" />
    <None Include="@(NativeLibs)" />
    <None Include="@(NativeLibs)" />
    <None Include="@(NativeLibs)" />
    <None Include="@(NativeLibs)" />
    <None Include="@(NativeLibs)" />
    <None Include="@(NativeLibs)" />
    <None Include="@(NativeLibs)" />
    <None Include="@(NativeLibs)" />
    <None Include="@(NativeLibs)" />
    <None Include="@(NativeLibs)" />
    <None Include="@(NativeLibs)" />
    <None Include="@(NativeLibs)" />
    <None Include="@(NativeLibs)" />
    <None Include="@(NativeLibs)" />
    <None Include="@(NativeLibs)" />
    <None Include="@(NativeLibs)" />
    <None Include="@(NativeLibs)" />
    <None Include="@(NativeLibs)" />
    <None Include="@(NativeLibs)" />
    <None Include="@(NativeLibs)" />
    <None Include="@(NativeLibs)" />
    <None Include="@(NativeLibs)" />
    <None Include="@(NativeLibs)" />
    <None Include="@(NativeLibs)" />
    <None Include="@(NativeLibs)" />
    <None Include="@(NativeLibs)" />
    <None Include="@(NativeLibs)" />
    <None Include="@(NativeLibs)" />
    <None Include="@(NativeLibs)" />
    <None Include="@(NativeLibs)" />
    <None Include="@(NativeLibs)" />
    <None Include="@(NativeLibs)" />
    <None Include="@(NativeLibs)" />
    <None Include="@(NativeLibs)" />
    <None Include="@(NativeLibs)" />
    <None Include="@(NativeLibs)" />
    <None Include="@(NativeLibs)" />
    <None Include="@(NativeLibs)" />
    <None Include="@(NativeLibs)" />
    <None Include="@(NativeLibs)" />
    <None Include="@(NativeLibs)" />
    <None Include="@(NativeLibs)" />
    <None Include="@(NativeLibs)" />
    <None Include="@(NativeLibs)" />
    <None Include="@(NativeLibs)" />
    <None Include="@(NativeLibs)" />
    <None Include="@(NativeLibs)" />
    <None Include="@(NativeLibs)" />
    <None Include="@(NativeLibs)" />
    <None Include="@(NativeLibs)" />
    <None Include="@(NativeLibs)" />
    <None Include="@(NativeLibs)" />
    <None Include="@(NativeLibs)" />
    <None Include="@(NativeLibs)" />
    <None Include="@(NativeLibs)" />
    <None Include="@(NativeLibs)" />
    <None Include="@(NativeLibs)" />
    <None Include="@(NativeLibs)" />
    <None Include="@(NativeLibs)" />
    <None Include="@(NativeLibs)" />
    <None Include="@(NativeLibs)" />
    <None Include="@(NativeLibs)" />
    <None Include="@(NativeLibs)" />
    <None Include="@(NativeLibs)" />
    <None Include="@(NativeLibs)" />
    <None Include="@(NativeLibs)" />
    <None Include="@(NativeLibs)" />
    <None Include="@(NativeLibs)" />
    <None Include="@(NativeLibs)" />
    <None Include="@(NativeLibs)" />
    <None Include="@(NativeLibs)" />
    <None Include="@(NativeLibs)" />
    <None Include="@(NativeLibs)" />
    <None Include="@(NativeLibs)" />
    <None Include="@(NativeLibs)" />
    <None Include="@(NativeLibs)" />
    <None Include="@(NativeLibs)" />
    <None Include="@(NativeLibs)" />
    <None Include="@(NativeLibs)" />
    <None Include="@(NativeLibs)" />
    <None Include="@(NativeLibs)" />
    <None Include="@(NativeLibs)" />
    <None Include="@(NativeLibs)" />
    <None Include="@(NativeLibs)" />
    <None Include="@(NativeLibs)" />
    <None Include="@(NativeLibs)" />
    <None Include="@(NativeLibs)" />
    <None Include="@(NativeLibs)" />
    <None Include="@(NativeLibs)" />
    <None Include="@(NativeLibs)" />
    <None Include="@(NativeLibs)" />
    <None Include="@(NativeLibs)" />
    <None Include="@(NativeLibs)" />
    <None Include="@(NativeLibs)" />
    <None Include="@(NativeLibs)" />
    <None Include="@(NativeLibs)" />
    <None Include="@(NativeLibs)" />
    <None Include="@(NativeLibs)" />
    <None Include="@(NativeLibs)" />
    <None Include="@(NativeLibs)" />
    <None Include="@(NativeLibs)" />
    <None Include="@(NativeLibs)" />
    <None Include="@(NativeLibs)" />
    <None Include="@(NativeLibs)" />
    <None Include="@(NativeLibs)" />
    <None Include="@(NativeLibs)" />
    <None Include="@(NativeLibs)" />
    <None Include="@(NativeLibs)" />
    <None Include="@(NativeLibs)" />
    <None Include="@(NativeLibs)" />
    <None Include="@(NativeLibs)" />
    <None Include="@(NativeLibs)" />
    <None Include="@(NativeLibs)" />
    <None Include="@(NativeLibs)" />
    <None Include="@(NativeLibs)" />
    <None Include="@(NativeLibs)" />
    <None Include="@(NativeLibs)" />
    <None Include="@(NativeLibs)" />
    <None Include="@(NativeLibs)" />
    <None Include="@(NativeLibs)" />
    <None Include="@(NativeLibs)" />
    <None Include="@(NativeLibs)" />
    <None Include="@(NativeLibs)" />
    <None Include="@(NativeLibs)" />
    <None Include="@(NativeLibs)" />
    <None Include="@(NativeLibs)" />
    <None Include="@(NativeLibs)" />
    <None Include="@(NativeLibs)" />
    <None Include="@(NativeLibs)" />
    <None Include="@(NativeLibs)" />
    <None Include="@(NativeLibs)" />
    <None Include="@(NativeLibs)" />
    <None Include="@(NativeLibs)" />
    <None Include="@(NativeLibs)" />
    <None Include="@(NativeLibs)" />
    <None Include="@(NativeLibs)" />
    <None Include="@(NativeLibs)" />
    <None Include="@(NativeLibs)" />
    <None Include="@(NativeLibs)" />
    <None Include="@(NativeLibs)" />
    <None Include="@(NativeLibs)" />
    <None Include="@(NativeLibs)" />
    <None Include="@(NativeLibs)" />
    <None Include="@(NativeLibs)" />
    <None Include="@(NativeLibs)" />
    <None Include="@(NativeLibs)" />
    <None Include="@(NativeLibs)" />
    <None Include="@(NativeLibs)" />
    <None Include="@(NativeLibs)" />
    <None Include="@(NativeLibs)" />
    <None Include="@(NativeLibs)" />
    <None Include="@(NativeLibs)" />
    <None Include="@(NativeLibs)" />
    <None Include="@(NativeLibs)" />
    <None Include="@(NativeLibs)" />
    <None Include="@(NativeLibs)" />
    <None Include="@(NativeLibs)" />
    <None Include="@(NativeLibs)" />
    <None Include="@(NativeLibs)" />
    <None Include="@(NativeLibs)" />
    <None Include="@(NativeLibs)" />
    <None Include="@(NativeLibs)" />
    <None Include="@(NativeLibs)" />
    <None Include="@(NativeLibs)" />
    <None Include="@(NativeLibs)" />
    <None Include="@(NativeLibs)" />
    <None Include="@(NativeLibs)" />
    <None Include="@(NativeLibs)" />
    <None Include="@(NativeLibs)" />
    <None Include="@(NativeLibs)" />
    <None Include="@(NativeLibs)" />
    <None Include="@(NativeLibs)" />
    <None Include="@(NativeLibs)" />
    <None Include="@(NativeLibs)" />
    <None Include="@(NativeLibs)" />
    <None Include="@(NativeLibs)" />
    <None Include="@(NativeLibs)" />
    <None Include="@(NativeLibs)" />
    <None Include="@(NativeLibs)" />
    <None Include="@(NativeLibs)" />
    <None Include="@(NativeLibs)" />
    <None Include="@(NativeLibs)" />
    <None Include="@(NativeLibs)" />
    <None Include="@(NativeLibs)" />
    <None Include="@(NativeLibs)" />
    <None Include="@(NativeLibs)" />
    <None Include="@(NativeLibs)" />
    <None Include="@(NativeLibs)" />
    <None Include="@(NativeLibs)" />
    <None Include="@(NativeLibs)" />
    <None Include="@(NativeLibs)" />
    <None Include="@(NativeLibs)" />
    <None Include="@(NativeLibs)" />
    <None Include="@(NativeLibs)" />
    <None Include="@(NativeLibs)" />
    <None Include="@(NativeLibs)" />
    <None Include="@(NativeLibs)" />
    <None Include="@(NativeLibs)" />
    <None Include="@(NativeLibs)" />
    <None Include="@(NativeLibs)" />
    <None Include="@(NativeLibs)" />
    <None Include="@(NativeLibs)" />
  </ItemGroup>
</Project>